[root]
name = "tetris-rust"
version = "0.1.0"
dependencies = [
 "sfml 0.11.1 (git+https://github.com/jeremyletang/rust-sfml.git)",
]

[[package]]
name = "bitflags"
version = "0.5.0"
source = "registry+https://github.com/rust-lang/crates.io-index"

[[package]]
name = "csfml-audio-sys"
version = "0.1.0"
source = "git+https://github.com/jeremyletang/rust-sfml.git#ba02f79e55ce6efaa378d2f0e98409634df949cf"
dependencies = [
 "csfml-system-sys 0.1.0 (git+https://github.com/jeremyletang/rust-sfml.git)",
]

[[package]]
name = "csfml-graphics-sys"
version = "0.1.0"
source = "git+https://github.com/jeremyletang/rust-sfml.git#ba02f79e55ce6efaa378d2f0e98409634df949cf"
dependencies = [
 "csfml-system-sys 0.1.0 (git+https://github.com/jeremyletang/rust-sfml.git)",
 "csfml-window-sys 0.1.1 (git+https://github.com/jeremyletang/rust-sfml.git)",
]

[[package]]
name = "csfml-network-sys"
version = "0.1.0"
source = "git+https://github.com/jeremyletang/rust-sfml.git#ba02f79e55ce6efaa378d2f0e98409634df949cf"
dependencies = [
 "csfml-system-sys 0.1.0 (git+https://github.com/jeremyletang/rust-sfml.git)",
 "libc 0.2.17 (registry+https://github.com/rust-lang/crates.io-index)",
]

[[package]]
name = "csfml-system-sys"
version = "0.1.0"
source = "git+https://github.com/jeremyletang/rust-sfml.git#ba02f79e55ce6efaa378d2f0e98409634df949cf"

[[package]]
name = "csfml-window-sys"
version = "0.1.1"
source = "git+https://github.com/jeremyletang/rust-sfml.git#ba02f79e55ce6efaa378d2f0e98409634df949cf"
dependencies = [
 "csfml-system-sys 0.1.0 (git+https://github.com/jeremyletang/rust-sfml.git)",
]

[[package]]
name = "libc"
version = "0.2.17"
source = "registry+https://github.com/rust-lang/crates.io-index"

[[package]]
name = "sfml"
version = "0.11.1"
source = "git+https://github.com/jeremyletang/rust-sfml.git#ba02f79e55ce6efaa378d2f0e98409634df949cf"
dependencies = [
 "bitflags 0.5.0 (registry+https://github.com/rust-lang/crates.io-index)",
 "csfml-audio-sys 0.1.0 (git+https://github.com/jeremyletang/rust-sfml.git)",
 "csfml-graphics-sys 0.1.0 (git+https://github.com/jeremyletang/rust-sfml.git)",
 "csfml-network-sys 0.1.0 (git+https://github.com/jeremyletang/rust-sfml.git)",
 "csfml-system-sys 0.1.0 (git+https://github.com/jeremyletang/rust-sfml.git)",
 "csfml-window-sys 0.1.1 (git+https://github.com/jeremyletang/rust-sfml.git)",
 "libc 0.2.17 (registry+https://github.com/rust-lang/crates.io-index)",
]

[metadata]
"checksum bitflags 0.5.0 (registry+https://github.com/rust-lang/crates.io-index)" = "4f67931368edf3a9a51d29886d245f1c3db2f1ef0dcc9e35ff70341b78c10d23"
"checksum csfml-audio-sys 0.1.0 (git+https://github.com/jeremyletang/rust-sfml.git)" = "<none>"
"checksum csfml-graphics-sys 0.1.0 (git+https://github.com/jeremyletang/rust-sfml.git)" = "<none>"
"checksum csfml-network-sys 0.1.0 (git+https://github.com/jeremyletang/rust-sfml.git)" = "<none>"
"checksum csfml-system-sys 0.1.0 (git+https://github.com/jeremyletang/rust-sfml.git)" = "<none>"
"checksum csfml-window-sys 0.1.1 (git+https://github.com/jeremyletang/rust-sfml.git)" = "<none>"
"checksum libc 0.2.17 (registry+https://github.com/rust-lang/crates.io-index)" = "044d1360593a78f5c8e5e710beccdc24ab71d1f01bc19a29bcacdba22e8475d8"
"checksum sfml 0.11.1 (git+https://github.com/jeremyletang/rust-sfml.git)" = "<none>"
